
Microsoft Visual Studio Solution File, Format Version 12.00
# Visual Studio Version 17
VisualStudioVersion = 17.14.36511.14 d17.14
MinimumVisualStudioVersion = 10.0.40219.1
Project("{FAE04EC0-301F-11D3-BF4B-00C04F79EFBC}") = "PRUEBA UX-UI (NEOCONT)", "PRUEBA UX-UI (NEOCONT).csproj", "{EC2277C8-1884-4E5E-A576-784A7456A9B4}"
EndProject
Global
	GlobalSection(SolutionConfigurationPlatforms) = preSolution
		Debug|Any CPU = Debug|Any CPU
		Release|Any CPU = Release|Any CPU
	EndGlobalSection
	GlobalSection(ProjectConfigurationPlatforms) = postSolution
		{EC2277C8-1884-4E5E-A576-784A7456A9B4}.Debug|Any CPU.ActiveCfg = Debug|Any CPU
		{EC2277C8-1884-4E5E-A576-784A7456A9B4}.Debug|Any CPU.Build.0 = Debug|Any CPU
		{EC2277C8-1884-4E5E-A576-784A7456A9B4}.Release|Any CPU.ActiveCfg = Release|Any CPU
		{EC2277C8-1884-4E5E-A576-784A7456A9B4}.Release|Any CPU.Build.0 = Release|Any CPU
	EndGlobalSection
	GlobalSection(SolutionProperties) = preSolution
		HideSolutionNode = FALSE
	EndGlobalSection
	GlobalSection(ExtensibilityGlobals) = postSolution
		SolutionGuid = {50A47BB1-5920-42E6-BFB0-B9CDE1E4EE9B}
	EndGlobalSection
EndGlobal
